
Microsoft Visual Studio Solution File, Format Version 12.00
# Visual Studio Version 16
VisualStudioVersion = 16.0.30804.86
MinimumVisualStudioVersion = 10.0.40219.1
Project("{FAE04EC0-301F-11D3-BF4B-00C04F79EFBC}") = "CourseProjectDataBaseCars", "CourseProjectDataBaseCars\CourseProjectDataBaseCars.csproj", "{BABB1791-8B2F-463C-BCE5-42E251EDBDDA}"
EndProject
Global
	GlobalSection(SolutionConfigurationPlatforms) = preSolution
		Debug|Any CPU = Debug|Any CPU
		Release|Any CPU = Release|Any CPU
	EndGlobalSection
	GlobalSection(ProjectConfigurationPlatforms) = postSolution
		{BABB1791-8B2F-463C-BCE5-42E251EDBDDA}.Debug|Any CPU.ActiveCfg = Debug|Any CPU
		{BABB1791-8B2F-463C-BCE5-42E251EDBDDA}.Debug|Any CPU.Build.0 = Debug|Any CPU
		{BABB1791-8B2F-463C-BCE5-42E251EDBDDA}.Release|Any CPU.ActiveCfg = Release|Any CPU
		{BABB1791-8B2F-463C-BCE5-42E251EDBDDA}.Release|Any CPU.Build.0 = Release|Any CPU
	EndGlobalSection
	GlobalSection(SolutionProperties) = preSolution
		HideSolutionNode = FALSE
	EndGlobalSection
	GlobalSection(ExtensibilityGlobals) = postSolution
		SolutionGuid = {34FE7572-5A97-41C7-8B07-41116EA7823D}
	EndGlobalSection
EndGlobal
